
Microsoft Visual Studio Solution File, Format Version 12.00
# Visual Studio 2012
Project("{FAE04EC0-301F-11D3-BF4B-00C04F79EFBC}") = "ASOIAF.Wiki.Translater", "ASOIAF.Wiki.Translater\ASOIAF.Wiki.Translater.csproj", "{437C35DF-52C7-4923-A7B1-CA02CE9D5F48}"
EndProject
Project("{FAE04EC0-301F-11D3-BF4B-00C04F79EFBC}") = "LinqToWikiTest", "LinqToWikiTest\LinqToWikiTest.csproj", "{0B3E713F-7834-4C27-8B7A-B3BF10425A8C}"
EndProject
Project("{FAE04EC0-301F-11D3-BF4B-00C04F79EFBC}") = "Wiki.ASOIAF.NetFx", "Wiki.ASOIAF.NetFx\Wiki.ASOIAF.NetFx.csproj", "{EA410E0C-6D30-4DC0-BE0F-8627BB2E2EE5}"
EndProject
Project("{FAE04EC0-301F-11D3-BF4B-00C04F79EFBC}") = "Wiki.ASOIAF.DictSync", "Wiki.ASOIAF.DictSync\Wiki.ASOIAF.DictSync.csproj", "{40D8A7D9-6C0C-40C1-BEBC-7693F1B657EB}"
EndProject
Global
	GlobalSection(SolutionConfigurationPlatforms) = preSolution
		Debug|Any CPU = Debug|Any CPU
		Debug|Mixed Platforms = Debug|Mixed Platforms
		Debug|x86 = Debug|x86
		Release|Any CPU = Release|Any CPU
		Release|Mixed Platforms = Release|Mixed Platforms
		Release|x86 = Release|x86
	EndGlobalSection
	GlobalSection(ProjectConfigurationPlatforms) = postSolution
		{437C35DF-52C7-4923-A7B1-CA02CE9D5F48}.Debug|Any CPU.ActiveCfg = Debug|Any CPU
		{437C35DF-52C7-4923-A7B1-CA02CE9D5F48}.Debug|Any CPU.Build.0 = Debug|Any CPU
		{437C35DF-52C7-4923-A7B1-CA02CE9D5F48}.Debug|Mixed Platforms.ActiveCfg = Debug|Any CPU
		{437C35DF-52C7-4923-A7B1-CA02CE9D5F48}.Debug|Mixed Platforms.Build.0 = Debug|Any CPU
		{437C35DF-52C7-4923-A7B1-CA02CE9D5F48}.Debug|x86.ActiveCfg = Debug|Any CPU
		{437C35DF-52C7-4923-A7B1-CA02CE9D5F48}.Release|Any CPU.ActiveCfg = Release|Any CPU
		{437C35DF-52C7-4923-A7B1-CA02CE9D5F48}.Release|Any CPU.Build.0 = Release|Any CPU
		{437C35DF-52C7-4923-A7B1-CA02CE9D5F48}.Release|Mixed Platforms.ActiveCfg = Release|Any CPU
		{437C35DF-52C7-4923-A7B1-CA02CE9D5F48}.Release|Mixed Platforms.Build.0 = Release|Any CPU
		{437C35DF-52C7-4923-A7B1-CA02CE9D5F48}.Release|x86.ActiveCfg = Release|Any CPU
		{0B3E713F-7834-4C27-8B7A-B3BF10425A8C}.Debug|Any CPU.ActiveCfg = Debug|Any CPU
		{0B3E713F-7834-4C27-8B7A-B3BF10425A8C}.Debug|Any CPU.Build.0 = Debug|Any CPU
		{0B3E713F-7834-4C27-8B7A-B3BF10425A8C}.Debug|Mixed Platforms.ActiveCfg = Debug|Any CPU
		{0B3E713F-7834-4C27-8B7A-B3BF10425A8C}.Debug|Mixed Platforms.Build.0 = Debug|Any CPU
		{0B3E713F-7834-4C27-8B7A-B3BF10425A8C}.Debug|x86.ActiveCfg = Debug|Any CPU
		{0B3E713F-7834-4C27-8B7A-B3BF10425A8C}.Release|Any CPU.ActiveCfg = Release|Any CPU
		{0B3E713F-7834-4C27-8B7A-B3BF10425A8C}.Release|Any CPU.Build.0 = Release|Any CPU
		{0B3E713F-7834-4C27-8B7A-B3BF10425A8C}.Release|Mixed Platforms.ActiveCfg = Release|Any CPU
		{0B3E713F-7834-4C27-8B7A-B3BF10425A8C}.Release|Mixed Platforms.Build.0 = Release|Any CPU
		{0B3E713F-7834-4C27-8B7A-B3BF10425A8C}.Release|x86.ActiveCfg = Release|Any CPU
		{EA410E0C-6D30-4DC0-BE0F-8627BB2E2EE5}.Debug|Any CPU.ActiveCfg = Debug|Any CPU
		{EA410E0C-6D30-4DC0-BE0F-8627BB2E2EE5}.Debug|Any CPU.Build.0 = Debug|Any CPU
		{EA410E0C-6D30-4DC0-BE0F-8627BB2E2EE5}.Debug|Mixed Platforms.ActiveCfg = Debug|Any CPU
		{EA410E0C-6D30-4DC0-BE0F-8627BB2E2EE5}.Debug|Mixed Platforms.Build.0 = Debug|Any CPU
		{EA410E0C-6D30-4DC0-BE0F-8627BB2E2EE5}.Debug|x86.ActiveCfg = Debug|Any CPU
		{EA410E0C-6D30-4DC0-BE0F-8627BB2E2EE5}.Release|Any CPU.ActiveCfg = Release|Any CPU
		{EA410E0C-6D30-4DC0-BE0F-8627BB2E2EE5}.Release|Any CPU.Build.0 = Release|Any CPU
		{EA410E0C-6D30-4DC0-BE0F-8627BB2E2EE5}.Release|Mixed Platforms.ActiveCfg = Release|Any CPU
		{EA410E0C-6D30-4DC0-BE0F-8627BB2E2EE5}.Release|Mixed Platforms.Build.0 = Release|Any CPU
		{EA410E0C-6D30-4DC0-BE0F-8627BB2E2EE5}.Release|x86.ActiveCfg = Release|Any CPU
		{40D8A7D9-6C0C-40C1-BEBC-7693F1B657EB}.Debug|Any CPU.ActiveCfg = Debug|Any CPU
		{40D8A7D9-6C0C-40C1-BEBC-7693F1B657EB}.Debug|Any CPU.Build.0 = Debug|Any CPU
		{40D8A7D9-6C0C-40C1-BEBC-7693F1B657EB}.Debug|Mixed Platforms.ActiveCfg = Debug|Any CPU
		{40D8A7D9-6C0C-40C1-BEBC-7693F1B657EB}.Debug|Mixed Platforms.Build.0 = Debug|Any CPU
		{40D8A7D9-6C0C-40C1-BEBC-7693F1B657EB}.Debug|x86.ActiveCfg = Debug|Any CPU
		{40D8A7D9-6C0C-40C1-BEBC-7693F1B657EB}.Release|Any CPU.ActiveCfg = Release|Any CPU
		{40D8A7D9-6C0C-40C1-BEBC-7693F1B657EB}.Release|Any CPU.Build.0 = Release|Any CPU
		{40D8A7D9-6C0C-40C1-BEBC-7693F1B657EB}.Release|Mixed Platforms.ActiveCfg = Release|Any CPU
		{40D8A7D9-6C0C-40C1-BEBC-7693F1B657EB}.Release|Mixed Platforms.Build.0 = Release|Any CPU
		{40D8A7D9-6C0C-40C1-BEBC-7693F1B657EB}.Release|x86.ActiveCfg = Release|Any CPU
	EndGlobalSection
	GlobalSection(SolutionProperties) = preSolution
		HideSolutionNode = FALSE
	EndGlobalSection
EndGlobal
